
Microsoft Visual Studio Solution File, Format Version 12.00
# Visual Studio Version 17
VisualStudioVersion = 17.6.33815.320
MinimumVisualStudioVersion = 10.0.40219.1
Project("{9A19103F-16F7-4668-BE54-9A1E7A4F7556}") = "Home Work 1 ASP.Net Core", "Home Work 1 ASP.Net Core\Home Work 1 ASP.Net Core.csproj", "{DE61107F-5F60-483E-A921-F16160AD63CA}"
EndProject
Project("{9A19103F-16F7-4668-BE54-9A1E7A4F7556}") = "Home Work 2 ASP.Net Core", "Home Work 2 ASP.Net Core\Home Work 2 ASP.Net Core.csproj", "{8D0702BA-601D-44B2-A896-2F3E40325A39}"
EndProject
Project("{9A19103F-16F7-4668-BE54-9A1E7A4F7556}") = "Home Work 3 ASP.Net Core", "Home Work 3 ASP.Net Core\Home Work 3 ASP.Net Core.csproj", "{7DC3FA74-6EEF-4C87-9F7B-103AD214C8EC}"
EndProject
Project("{9A19103F-16F7-4668-BE54-9A1E7A4F7556}") = "Home Work 4 Razor Page", "Home Work 4 Razor Page\Home Work 4 Razor Page.csproj", "{EC9237BE-95D4-4F4A-AA23-BC03B6EA6C8A}"
EndProject
Project("{9A19103F-16F7-4668-BE54-9A1E7A4F7556}") = "Home Work 5 Razor Page", "Home Work 5 Razor Page\Home Work 5 Razor Page.csproj", "{8589DD8E-3F85-42E1-A72A-A9B13A8A5CF5}"
EndProject
Project("{9A19103F-16F7-4668-BE54-9A1E7A4F7556}") = "Home Work 6 Razor Page", "Home Work 6 Razor Page\Home Work 6 Razor Page.csproj", "{084FBDE5-126B-469D-B5F3-912C64337D23}"
EndProject
Project("{9A19103F-16F7-4668-BE54-9A1E7A4F7556}") = "Home Work 7 Razor Page", "Home Work 7 Razor Page\Home Work 7 Razor Page.csproj", "{6671E69D-3D28-4AA3-A353-6F62C4A82EB1}"
EndProject
Project("{FAE04EC0-301F-11D3-BF4B-00C04F79EFBC}") = "Home Work 9 MVC", "Home Work 9 MVC\Home Work 9 MVC.csproj", "{167D5847-67E1-4FEF-A0ED-8DF9F4708B2A}"
EndProject
Project("{FAE04EC0-301F-11D3-BF4B-00C04F79EFBC}") = "Home Work 11 MVC", "Home Work 11 MVC\Home Work 11 MVC.csproj", "{8039AB81-346D-4CC4-BD1D-F13B2BEAE4FB}"
EndProject
Project("{FAE04EC0-301F-11D3-BF4B-00C04F79EFBC}") = "Home Work 10 MVC", "Home Work 10 MVC\Home Work 10 MVC.csproj", "{A1FB7506-48FE-4E42-B813-9E4AF57A4B66}"
EndProject
Project("{FAE04EC0-301F-11D3-BF4B-00C04F79EFBC}") = "Home Work 12 MVC", "Home Work 12 MVC\Home Work 12 MVC.csproj", "{ED85913E-829B-40BA-8E3A-2E4141BD4833}"
EndProject
Project("{FAE04EC0-301F-11D3-BF4B-00C04F79EFBC}") = "Home_Work_14_MVC", "Home_Work_14_MVC\Home_Work_14_MVC.csproj", "{DC383D72-D453-45CF-985C-5295A0EF298B}"
EndProject
Project("{FAE04EC0-301F-11D3-BF4B-00C04F79EFBC}") = "Home_Work_13_MVC", "Home_Work_13_MVC\Home_Work_13_MVC.csproj", "{23F04D24-8818-4633-817B-8EF5BC5E860C}"
EndProject
Global
	GlobalSection(SolutionConfigurationPlatforms) = preSolution
		Debug|Any CPU = Debug|Any CPU
		Release|Any CPU = Release|Any CPU
	EndGlobalSection
	GlobalSection(ProjectConfigurationPlatforms) = postSolution
		{DE61107F-5F60-483E-A921-F16160AD63CA}.Debug|Any CPU.ActiveCfg = Debug|Any CPU
		{DE61107F-5F60-483E-A921-F16160AD63CA}.Debug|Any CPU.Build.0 = Debug|Any CPU
		{DE61107F-5F60-483E-A921-F16160AD63CA}.Release|Any CPU.ActiveCfg = Release|Any CPU
		{DE61107F-5F60-483E-A921-F16160AD63CA}.Release|Any CPU.Build.0 = Release|Any CPU
		{8D0702BA-601D-44B2-A896-2F3E40325A39}.Debug|Any CPU.ActiveCfg = Debug|Any CPU
		{8D0702BA-601D-44B2-A896-2F3E40325A39}.Debug|Any CPU.Build.0 = Debug|Any CPU
		{8D0702BA-601D-44B2-A896-2F3E40325A39}.Release|Any CPU.ActiveCfg = Release|Any CPU
		{8D0702BA-601D-44B2-A896-2F3E40325A39}.Release|Any CPU.Build.0 = Release|Any CPU
		{7DC3FA74-6EEF-4C87-9F7B-103AD214C8EC}.Debug|Any CPU.ActiveCfg = Debug|Any CPU
		{7DC3FA74-6EEF-4C87-9F7B-103AD214C8EC}.Debug|Any CPU.Build.0 = Debug|Any CPU
		{7DC3FA74-6EEF-4C87-9F7B-103AD214C8EC}.Release|Any CPU.ActiveCfg = Release|Any CPU
		{7DC3FA74-6EEF-4C87-9F7B-103AD214C8EC}.Release|Any CPU.Build.0 = Release|Any CPU
		{EC9237BE-95D4-4F4A-AA23-BC03B6EA6C8A}.Debug|Any CPU.ActiveCfg = Debug|Any CPU
		{EC9237BE-95D4-4F4A-AA23-BC03B6EA6C8A}.Debug|Any CPU.Build.0 = Debug|Any CPU
		{EC9237BE-95D4-4F4A-AA23-BC03B6EA6C8A}.Release|Any CPU.ActiveCfg = Release|Any CPU
		{EC9237BE-95D4-4F4A-AA23-BC03B6EA6C8A}.Release|Any CPU.Build.0 = Release|Any CPU
		{8589DD8E-3F85-42E1-A72A-A9B13A8A5CF5}.Debug|Any CPU.ActiveCfg = Debug|Any CPU
		{8589DD8E-3F85-42E1-A72A-A9B13A8A5CF5}.Debug|Any CPU.Build.0 = Debug|Any CPU
		{8589DD8E-3F85-42E1-A72A-A9B13A8A5CF5}.Release|Any CPU.ActiveCfg = Release|Any CPU
		{8589DD8E-3F85-42E1-A72A-A9B13A8A5CF5}.Release|Any CPU.Build.0 = Release|Any CPU
		{084FBDE5-126B-469D-B5F3-912C64337D23}.Debug|Any CPU.ActiveCfg = Debug|Any CPU
		{084FBDE5-126B-469D-B5F3-912C64337D23}.Debug|Any CPU.Build.0 = Debug|Any CPU
		{084FBDE5-126B-469D-B5F3-912C64337D23}.Release|Any CPU.ActiveCfg = Release|Any CPU
		{084FBDE5-126B-469D-B5F3-912C64337D23}.Release|Any CPU.Build.0 = Release|Any CPU
		{6671E69D-3D28-4AA3-A353-6F62C4A82EB1}.Debug|Any CPU.ActiveCfg = Debug|Any CPU
		{6671E69D-3D28-4AA3-A353-6F62C4A82EB1}.Debug|Any CPU.Build.0 = Debug|Any CPU
		{6671E69D-3D28-4AA3-A353-6F62C4A82EB1}.Release|Any CPU.ActiveCfg = Release|Any CPU
		{6671E69D-3D28-4AA3-A353-6F62C4A82EB1}.Release|Any CPU.Build.0 = Release|Any CPU
		{167D5847-67E1-4FEF-A0ED-8DF9F4708B2A}.Debug|Any CPU.ActiveCfg = Debug|Any CPU
		{167D5847-67E1-4FEF-A0ED-8DF9F4708B2A}.Debug|Any CPU.Build.0 = Debug|Any CPU
		{167D5847-67E1-4FEF-A0ED-8DF9F4708B2A}.Release|Any CPU.ActiveCfg = Release|Any CPU
		{167D5847-67E1-4FEF-A0ED-8DF9F4708B2A}.Release|Any CPU.Build.0 = Release|Any CPU
		{8039AB81-346D-4CC4-BD1D-F13B2BEAE4FB}.Debug|Any CPU.ActiveCfg = Debug|Any CPU
		{8039AB81-346D-4CC4-BD1D-F13B2BEAE4FB}.Debug|Any CPU.Build.0 = Debug|Any CPU
		{8039AB81-346D-4CC4-BD1D-F13B2BEAE4FB}.Release|Any CPU.ActiveCfg = Release|Any CPU
		{8039AB81-346D-4CC4-BD1D-F13B2BEAE4FB}.Release|Any CPU.Build.0 = Release|Any CPU
		{A1FB7506-48FE-4E42-B813-9E4AF57A4B66}.Debug|Any CPU.ActiveCfg = Debug|Any CPU
		{A1FB7506-48FE-4E42-B813-9E4AF57A4B66}.Debug|Any CPU.Build.0 = Debug|Any CPU
		{A1FB7506-48FE-4E42-B813-9E4AF57A4B66}.Release|Any CPU.ActiveCfg = Release|Any CPU
		{A1FB7506-48FE-4E42-B813-9E4AF57A4B66}.Release|Any CPU.Build.0 = Release|Any CPU
		{ED85913E-829B-40BA-8E3A-2E4141BD4833}.Debug|Any CPU.ActiveCfg = Debug|Any CPU
		{ED85913E-829B-40BA-8E3A-2E4141BD4833}.Debug|Any CPU.Build.0 = Debug|Any CPU
		{ED85913E-829B-40BA-8E3A-2E4141BD4833}.Release|Any CPU.ActiveCfg = Release|Any CPU
		{ED85913E-829B-40BA-8E3A-2E4141BD4833}.Release|Any CPU.Build.0 = Release|Any CPU
		{DC383D72-D453-45CF-985C-5295A0EF298B}.Debug|Any CPU.ActiveCfg = Debug|Any CPU
		{DC383D72-D453-45CF-985C-5295A0EF298B}.Debug|Any CPU.Build.0 = Debug|Any CPU
		{DC383D72-D453-45CF-985C-5295A0EF298B}.Release|Any CPU.ActiveCfg = Release|Any CPU
		{DC383D72-D453-45CF-985C-5295A0EF298B}.Release|Any CPU.Build.0 = Release|Any CPU
		{23F04D24-8818-4633-817B-8EF5BC5E860C}.Debug|Any CPU.ActiveCfg = Debug|Any CPU
		{23F04D24-8818-4633-817B-8EF5BC5E860C}.Debug|Any CPU.Build.0 = Debug|Any CPU
		{23F04D24-8818-4633-817B-8EF5BC5E860C}.Release|Any CPU.ActiveCfg = Release|Any CPU
		{23F04D24-8818-4633-817B-8EF5BC5E860C}.Release|Any CPU.Build.0 = Release|Any CPU
	EndGlobalSection
	GlobalSection(SolutionProperties) = preSolution
		HideSolutionNode = FALSE
	EndGlobalSection
	GlobalSection(ExtensibilityGlobals) = postSolution
		SolutionGuid = {D23A8445-57E1-4CEE-8DEE-437371F606AC}
	EndGlobalSection
EndGlobal
